// !$*UTF8*$!
{
	archiveVersion = 1;
	classes = {
	};
	objectVersion = 50;
	objects = {

/* Begin PBXBuildFile section */
		BE55FA5A25C2929500B3C86B /* Problem0016.swift in Sources */ = {isa = PBXBuildFile; fileRef = BE55FA5925C2929500B3C86B /* Problem0016.swift */; };
		BE5CADE825BBB15E000BD935 /* ProblemSolver.swift in Sources */ = {isa = PBXBuildFile; fileRef = BE5CADE725BBB15E000BD935 /* ProblemSolver.swift */; };
		BE5CADEB25BBB713000BD935 /* ExecutionData.swift in Sources */ = {isa = PBXBuildFile; fileRef = BE5CADEA25BBB713000BD935 /* ExecutionData.swift */; };
		BE5CADEF25BBBAB8000BD935 /* Problem.swift in Sources */ = {isa = PBXBuildFile; fileRef = BE5CADEE25BBBAB8000BD935 /* Problem.swift */; };
		BE5CADF425BBC60C000BD935 /* CommonMath.swift in Sources */ = {isa = PBXBuildFile; fileRef = BE5CADF325BBC60C000BD935 /* CommonMath.swift */; };
		BE76C96825AEBC9C0069EE43 /* main.swift in Sources */ = {isa = PBXBuildFile; fileRef = BE76C96725AEBC9C0069EE43 /* main.swift */; };
		BE76C97525AEBE020069EE43 /* Problem0005.swift in Sources */ = {isa = PBXBuildFile; fileRef = BE76C97025AEBE020069EE43 /* Problem0005.swift */; };
		BE76C97625AEBE020069EE43 /* Problem0003.swift in Sources */ = {isa = PBXBuildFile; fileRef = BE76C97125AEBE020069EE43 /* Problem0003.swift */; };
		BE76C97725AEBE020069EE43 /* Problem0004.swift in Sources */ = {isa = PBXBuildFile; fileRef = BE76C97225AEBE020069EE43 /* Problem0004.swift */; };
		BE76C97825AEBE020069EE43 /* Problem0002.swift in Sources */ = {isa = PBXBuildFile; fileRef = BE76C97325AEBE020069EE43 /* Problem0002.swift */; };
		BE76C97925AEBE020069EE43 /* Problem0001.swift in Sources */ = {isa = PBXBuildFile; fileRef = BE76C97425AEBE020069EE43 /* Problem0001.swift */; };
		BE76C97C25AEBF130069EE43 /* ProblemCollection.swift in Sources */ = {isa = PBXBuildFile; fileRef = BE76C97B25AEBF130069EE43 /* ProblemCollection.swift */; };
		BE94A30625BFD74300862977 /* Problem0015.swift in Sources */ = {isa = PBXBuildFile; fileRef = BE94A30525BFD74300862977 /* Problem0015.swift */; };
		BE9DA69B25BA8194002FFEB9 /* Problem0012.swift in Sources */ = {isa = PBXBuildFile; fileRef = BE9DA69A25BA8194002FFEB9 /* Problem0012.swift */; };
		BEA1664525B013A900FAA924 /* Problem0006.swift in Sources */ = {isa = PBXBuildFile; fileRef = BEA1664425B013A900FAA924 /* Problem0006.swift */; };
		BEA1664825B016AF00FAA924 /* Problem0007.swift in Sources */ = {isa = PBXBuildFile; fileRef = BEA1664725B016AF00FAA924 /* Problem0007.swift */; };
		BEB268A825BE481D00CC80CC /* Problem0013.swift in Sources */ = {isa = PBXBuildFile; fileRef = BEB268A725BE481D00CC80CC /* Problem0013.swift */; };
		BEB268AC25BE5A6500CC80CC /* Problem0014.swift in Sources */ = {isa = PBXBuildFile; fileRef = BEB268AB25BE5A6500CC80CC /* Problem0014.swift */; };
		BEC6C56A25B28F6000082DA0 /* Problem0010.swift in Sources */ = {isa = PBXBuildFile; fileRef = BEC6C56925B28F6000082DA0 /* Problem0010.swift */; };
		BECE548725B156E60046B4B6 /* Problem0008.swift in Sources */ = {isa = PBXBuildFile; fileRef = BECE548625B156E60046B4B6 /* Problem0008.swift */; };
		BECE548A25B171020046B4B6 /* Problem0009.swift in Sources */ = {isa = PBXBuildFile; fileRef = BECE548925B171020046B4B6 /* Problem0009.swift */; };
		BEF1D41D25B7F74C007A0765 /* Problem0011.swift in Sources */ = {isa = PBXBuildFile; fileRef = BEF1D41C25B7F74C007A0765 /* Problem0011.swift */; };
/* End PBXBuildFile section */

/* Begin PBXCopyFilesBuildPhase section */
		BE76C96225AEBC9C0069EE43 /* CopyFiles */ = {
			isa = PBXCopyFilesBuildPhase;
			buildActionMask = 2147483647;
			dstPath = /usr/share/man/man1/;
			dstSubfolderSpec = 0;
			files = (
			);
			runOnlyForDeploymentPostprocessing = 1;
		};
/* End PBXCopyFilesBuildPhase section */

/* Begin PBXFileReference section */
		BE55FA5925C2929500B3C86B /* Problem0016.swift */ = {isa = PBXFileReference; lastKnownFileType = sourcecode.swift; path = Problem0016.swift; sourceTree = "<group>"; };
		BE5CADE725BBB15E000BD935 /* ProblemSolver.swift */ = {isa = PBXFileReference; lastKnownFileType = sourcecode.swift; path = ProblemSolver.swift; sourceTree = "<group>"; };
		BE5CADEA25BBB713000BD935 /* ExecutionData.swift */ = {isa = PBXFileReference; lastKnownFileType = sourcecode.swift; path = ExecutionData.swift; sourceTree = "<group>"; };
		BE5CADEE25BBBAB8000BD935 /* Problem.swift */ = {isa = PBXFileReference; lastKnownFileType = sourcecode.swift; path = Problem.swift; sourceTree = "<group>"; };
		BE5CADF325BBC60C000BD935 /* CommonMath.swift */ = {isa = PBXFileReference; lastKnownFileType = sourcecode.swift; path = CommonMath.swift; sourceTree = "<group>"; };
		BE76C96425AEBC9C0069EE43 /* Project Euler */ = {isa = PBXFileReference; explicitFileType = "compiled.mach-o.executable"; includeInIndex = 0; path = "Project Euler"; sourceTree = BUILT_PRODUCTS_DIR; };
		BE76C96725AEBC9C0069EE43 /* main.swift */ = {isa = PBXFileReference; lastKnownFileType = sourcecode.swift; path = main.swift; sourceTree = "<group>"; };
		BE76C97025AEBE020069EE43 /* Problem0005.swift */ = {isa = PBXFileReference; fileEncoding = 4; lastKnownFileType = sourcecode.swift; path = Problem0005.swift; sourceTree = "<group>"; };
		BE76C97125AEBE020069EE43 /* Problem0003.swift */ = {isa = PBXFileReference; fileEncoding = 4; lastKnownFileType = sourcecode.swift; path = Problem0003.swift; sourceTree = "<group>"; };
		BE76C97225AEBE020069EE43 /* Problem0004.swift */ = {isa = PBXFileReference; fileEncoding = 4; lastKnownFileType = sourcecode.swift; path = Problem0004.swift; sourceTree = "<group>"; };
		BE76C97325AEBE020069EE43 /* Problem0002.swift */ = {isa = PBXFileReference; fileEncoding = 4; lastKnownFileType = sourcecode.swift; path = Problem0002.swift; sourceTree = "<group>"; };
		BE76C97425AEBE020069EE43 /* Problem0001.swift */ = {isa = PBXFileReference; fileEncoding = 4; lastKnownFileType = sourcecode.swift; path = Problem0001.swift; sourceTree = "<group>"; };
		BE76C97B25AEBF130069EE43 /* ProblemCollection.swift */ = {isa = PBXFileReference; lastKnownFileType = sourcecode.swift; path = ProblemCollection.swift; sourceTree = "<group>"; };
		BE94A30525BFD74300862977 /* Problem0015.swift */ = {isa = PBXFileReference; lastKnownFileType = sourcecode.swift; path = Problem0015.swift; sourceTree = "<group>"; };
		BE9DA69A25BA8194002FFEB9 /* Problem0012.swift */ = {isa = PBXFileReference; lastKnownFileType = sourcecode.swift; path = Problem0012.swift; sourceTree = "<group>"; };
		BEA1664425B013A900FAA924 /* Problem0006.swift */ = {isa = PBXFileReference; lastKnownFileType = sourcecode.swift; path = Problem0006.swift; sourceTree = "<group>"; };
		BEA1664725B016AF00FAA924 /* Problem0007.swift */ = {isa = PBXFileReference; lastKnownFileType = sourcecode.swift; path = Problem0007.swift; sourceTree = "<group>"; };
		BEB268A725BE481D00CC80CC /* Problem0013.swift */ = {isa = PBXFileReference; lastKnownFileType = sourcecode.swift; path = Problem0013.swift; sourceTree = "<group>"; };
		BEB268AB25BE5A6500CC80CC /* Problem0014.swift */ = {isa = PBXFileReference; lastKnownFileType = sourcecode.swift; path = Problem0014.swift; sourceTree = "<group>"; };
		BEC6C56925B28F6000082DA0 /* Problem0010.swift */ = {isa = PBXFileReference; lastKnownFileType = sourcecode.swift; path = Problem0010.swift; sourceTree = "<group>"; };
		BECE548625B156E60046B4B6 /* Problem0008.swift */ = {isa = PBXFileReference; lastKnownFileType = sourcecode.swift; path = Problem0008.swift; sourceTree = "<group>"; };
		BECE548925B171020046B4B6 /* Problem0009.swift */ = {isa = PBXFileReference; lastKnownFileType = sourcecode.swift; path = Problem0009.swift; sourceTree = "<group>"; };
		BEF1D41C25B7F74C007A0765 /* Problem0011.swift */ = {isa = PBXFileReference; lastKnownFileType = sourcecode.swift; path = Problem0011.swift; sourceTree = "<group>"; };
/* End PBXFileReference section */

/* Begin PBXFrameworksBuildPhase section */
		BE76C96125AEBC9C0069EE43 /* Frameworks */ = {
			isa = PBXFrameworksBuildPhase;
			buildActionMask = 2147483647;
			files = (
			);
			runOnlyForDeploymentPostprocessing = 0;
		};
/* End PBXFrameworksBuildPhase section */

/* Begin PBXGroup section */
		BE76C95B25AEBC9C0069EE43 = {
			isa = PBXGroup;
			children = (
				BE76C96625AEBC9C0069EE43 /* Project Euler */,
				BE76C96525AEBC9C0069EE43 /* Products */,
			);
			sourceTree = "<group>";
		};
		BE76C96525AEBC9C0069EE43 /* Products */ = {
			isa = PBXGroup;
			children = (
				BE76C96425AEBC9C0069EE43 /* Project Euler */,
			);
			name = Products;
			sourceTree = "<group>";
		};
		BE76C96625AEBC9C0069EE43 /* Project Euler */ = {
			isa = PBXGroup;
			children = (
				BE76C96725AEBC9C0069EE43 /* main.swift */,
				BE76C97B25AEBF130069EE43 /* ProblemCollection.swift */,
				BE5CADE725BBB15E000BD935 /* ProblemSolver.swift */,
				BE5CADEE25BBBAB8000BD935 /* Problem.swift */,
				BE5CADEA25BBB713000BD935 /* ExecutionData.swift */,
				BE5CADF325BBC60C000BD935 /* CommonMath.swift */,
				BE76C96F25AEBDBF0069EE43 /* Problems */,
			);
			path = "Project Euler";
			sourceTree = "<group>";
		};
		BE76C96F25AEBDBF0069EE43 /* Problems */ = {
			isa = PBXGroup;
			children = (
				BE76C97425AEBE020069EE43 /* Problem0001.swift */,
				BE76C97325AEBE020069EE43 /* Problem0002.swift */,
				BE76C97125AEBE020069EE43 /* Problem0003.swift */,
				BE76C97225AEBE020069EE43 /* Problem0004.swift */,
				BE76C97025AEBE020069EE43 /* Problem0005.swift */,
				BEA1664425B013A900FAA924 /* Problem0006.swift */,
				BEA1664725B016AF00FAA924 /* Problem0007.swift */,
				BECE548625B156E60046B4B6 /* Problem0008.swift */,
				BECE548925B171020046B4B6 /* Problem0009.swift */,
				BEC6C56925B28F6000082DA0 /* Problem0010.swift */,
				BEF1D41C25B7F74C007A0765 /* Problem0011.swift */,
				BE9DA69A25BA8194002FFEB9 /* Problem0012.swift */,
				BEB268A725BE481D00CC80CC /* Problem0013.swift */,
				BEB268AB25BE5A6500CC80CC /* Problem0014.swift */,
				BE94A30525BFD74300862977 /* Problem0015.swift */,
				BE55FA5925C2929500B3C86B /* Problem0016.swift */,
			);
			path = Problems;
			sourceTree = "<group>";
		};
/* End PBXGroup section */

/* Begin PBXNativeTarget section */
		BE76C96325AEBC9C0069EE43 /* Project Euler */ = {
			isa = PBXNativeTarget;
			buildConfigurationList = BE76C96B25AEBC9C0069EE43 /* Build configuration list for PBXNativeTarget "Project Euler" */;
			buildPhases = (
				BE76C96025AEBC9C0069EE43 /* Sources */,
				BE76C96125AEBC9C0069EE43 /* Frameworks */,
				BE76C96225AEBC9C0069EE43 /* CopyFiles */,
			);
			buildRules = (
			);
			dependencies = (
			);
			name = "Project Euler";
			productName = "Project Euler";
			productReference = BE76C96425AEBC9C0069EE43 /* Project Euler */;
			productType = "com.apple.product-type.tool";
		};
/* End PBXNativeTarget section */

/* Begin PBXProject section */
		BE76C95C25AEBC9C0069EE43 /* Project object */ = {
			isa = PBXProject;
			attributes = {
				LastSwiftUpdateCheck = 1230;
				LastUpgradeCheck = 1240;
				TargetAttributes = {
					BE76C96325AEBC9C0069EE43 = {
						CreatedOnToolsVersion = 12.3;
					};
				};
			};
			buildConfigurationList = BE76C95F25AEBC9C0069EE43 /* Build configuration list for PBXProject "Project Euler" */;
			compatibilityVersion = "Xcode 9.3";
			developmentRegion = en;
			hasScannedForEncodings = 0;
			knownRegions = (
				en,
				Base,
			);
			mainGroup = BE76C95B25AEBC9C0069EE43;
			productRefGroup = BE76C96525AEBC9C0069EE43 /* Products */;
			projectDirPath = "";
			projectRoot = "";
			targets = (
				BE76C96325AEBC9C0069EE43 /* Project Euler */,
			);
		};
/* End PBXProject section */

/* Begin PBXSourcesBuildPhase section */
		BE76C96025AEBC9C0069EE43 /* Sources */ = {
			isa = PBXSourcesBuildPhase;
			buildActionMask = 2147483647;
			files = (
				BE9DA69B25BA8194002FFEB9 /* Problem0012.swift in Sources */,
				BE76C97525AEBE020069EE43 /* Problem0005.swift in Sources */,
				BE5CADE825BBB15E000BD935 /* ProblemSolver.swift in Sources */,
				BE76C97725AEBE020069EE43 /* Problem0004.swift in Sources */,
				BE5CADEF25BBBAB8000BD935 /* Problem.swift in Sources */,
				BEC6C56A25B28F6000082DA0 /* Problem0010.swift in Sources */,
				BE55FA5A25C2929500B3C86B /* Problem0016.swift in Sources */,
				BE5CADF425BBC60C000BD935 /* CommonMath.swift in Sources */,
				BE76C97925AEBE020069EE43 /* Problem0001.swift in Sources */,
				BEA1664525B013A900FAA924 /* Problem0006.swift in Sources */,
				BEF1D41D25B7F74C007A0765 /* Problem0011.swift in Sources */,
				BEB268A825BE481D00CC80CC /* Problem0013.swift in Sources */,
				BEA1664825B016AF00FAA924 /* Problem0007.swift in Sources */,
				BE76C97C25AEBF130069EE43 /* ProblemCollection.swift in Sources */,
				BE76C96825AEBC9C0069EE43 /* main.swift in Sources */,
				BEB268AC25BE5A6500CC80CC /* Problem0014.swift in Sources */,
				BECE548725B156E60046B4B6 /* Problem0008.swift in Sources */,
				BE5CADEB25BBB713000BD935 /* ExecutionData.swift in Sources */,
				BE76C97825AEBE020069EE43 /* Problem0002.swift in Sources */,
				BECE548A25B171020046B4B6 /* Problem0009.swift in Sources */,
				BE76C97625AEBE020069EE43 /* Problem0003.swift in Sources */,
				BE94A30625BFD74300862977 /* Problem0015.swift in Sources */,
			);
			runOnlyForDeploymentPostprocessing = 0;
		};
/* End PBXSourcesBuildPhase section */

/* Begin XCBuildConfiguration section */
		BE76C96925AEBC9C0069EE43 /* Debug */ = {
			isa = XCBuildConfiguration;
			buildSettings = {
				ALWAYS_SEARCH_USER_PATHS = NO;
				CLANG_ANALYZER_NONNULL = YES;
				CLANG_ANALYZER_NUMBER_OBJECT_CONVERSION = YES_AGGRESSIVE;
				CLANG_CXX_LANGUAGE_STANDARD = "gnu++14";
				CLANG_CXX_LIBRARY = "libc++";
				CLANG_ENABLE_MODULES = YES;
				CLANG_ENABLE_OBJC_ARC = YES;
				CLANG_ENABLE_OBJC_WEAK = YES;
				CLANG_WARN_BLOCK_CAPTURE_AUTORELEASING = YES;
				CLANG_WARN_BOOL_CONVERSION = YES;
				CLANG_WARN_COMMA = YES;
				CLANG_WARN_CONSTANT_CONVERSION = YES;
				CLANG_WARN_DEPRECATED_OBJC_IMPLEMENTATIONS = YES;
				CLANG_WARN_DIRECT_OBJC_ISA_USAGE = YES_ERROR;
				CLANG_WARN_DOCUMENTATION_COMMENTS = YES;
				CLANG_WARN_EMPTY_BODY = YES;
				CLANG_WARN_ENUM_CONVERSION = YES;
				CLANG_WARN_INFINITE_RECURSION = YES;
				CLANG_WARN_INT_CONVERSION = YES;
				CLANG_WARN_NON_LITERAL_NULL_CONVERSION = YES;
				CLANG_WARN_OBJC_IMPLICIT_RETAIN_SELF = YES;
				CLANG_WARN_OBJC_LITERAL_CONVERSION = YES;
				CLANG_WARN_OBJC_ROOT_CLASS = YES_ERROR;
				CLANG_WARN_QUOTED_INCLUDE_IN_FRAMEWORK_HEADER = YES;
				CLANG_WARN_RANGE_LOOP_ANALYSIS = YES;
				CLANG_WARN_STRICT_PROTOTYPES = YES;
				CLANG_WARN_SUSPICIOUS_MOVE = YES;
				CLANG_WARN_UNGUARDED_AVAILABILITY = YES_AGGRESSIVE;
				CLANG_WARN_UNREACHABLE_CODE = YES;
				CLANG_WARN__DUPLICATE_METHOD_MATCH = YES;
				COPY_PHASE_STRIP = NO;
				DEBUG_INFORMATION_FORMAT = dwarf;
				ENABLE_STRICT_OBJC_MSGSEND = YES;
				ENABLE_TESTABILITY = YES;
				GCC_C_LANGUAGE_STANDARD = gnu11;
				GCC_DYNAMIC_NO_PIC = NO;
				GCC_NO_COMMON_BLOCKS = YES;
				GCC_OPTIMIZATION_LEVEL = 0;
				GCC_PREPROCESSOR_DEFINITIONS = (
					"DEBUG=1",
					"$(inherited)",
				);
				GCC_WARN_64_TO_32_BIT_CONVERSION = YES;
				GCC_WARN_ABOUT_RETURN_TYPE = YES_ERROR;
				GCC_WARN_UNDECLARED_SELECTOR = YES;
				GCC_WARN_UNINITIALIZED_AUTOS = YES_AGGRESSIVE;
				GCC_WARN_UNUSED_FUNCTION = YES;
				GCC_WARN_UNUSED_VARIABLE = YES;
				MACOSX_DEPLOYMENT_TARGET = 11.1;
				MTL_ENABLE_DEBUG_INFO = INCLUDE_SOURCE;
				MTL_FAST_MATH = YES;
				ONLY_ACTIVE_ARCH = YES;
				SDKROOT = macosx;
				SWIFT_ACTIVE_COMPILATION_CONDITIONS = DEBUG;
				SWIFT_OPTIMIZATION_LEVEL = "-Onone";
			};
			name = Debug;
		};
		BE76C96A25AEBC9C0069EE43 /* Release */ = {
			isa = XCBuildConfiguration;
			buildSettings = {
				ALWAYS_SEARCH_USER_PATHS = NO;
				CLANG_ANALYZER_NONNULL = YES;
				CLANG_ANALYZER_NUMBER_OBJECT_CONVERSION = YES_AGGRESSIVE;
				CLANG_CXX_LANGUAGE_STANDARD = "gnu++14";
				CLANG_CXX_LIBRARY = "libc++";
				CLANG_ENABLE_MODULES = YES;
				CLANG_ENABLE_OBJC_ARC = YES;
				CLANG_ENABLE_OBJC_WEAK = YES;
				CLANG_WARN_BLOCK_CAPTURE_AUTORELEASING = YES;
				CLANG_WARN_BOOL_CONVERSION = YES;
				CLANG_WARN_COMMA = YES;
				CLANG_WARN_CONSTANT_CONVERSION = YES;
				CLANG_WARN_DEPRECATED_OBJC_IMPLEMENTATIONS = YES;
				CLANG_WARN_DIRECT_OBJC_ISA_USAGE = YES_ERROR;
				CLANG_WARN_DOCUMENTATION_COMMENTS = YES;
				CLANG_WARN_EMPTY_BODY = YES;
				CLANG_WARN_ENUM_CONVERSION = YES;
				CLANG_WARN_INFINITE_RECURSION = YES;
				CLANG_WARN_INT_CONVERSION = YES;
				CLANG_WARN_NON_LITERAL_NULL_CONVERSION = YES;
				CLANG_WARN_OBJC_IMPLICIT_RETAIN_SELF = YES;
				CLANG_WARN_OBJC_LITERAL_CONVERSION = YES;
				CLANG_WARN_OBJC_ROOT_CLASS = YES_ERROR;
				CLANG_WARN_QUOTED_INCLUDE_IN_FRAMEWORK_HEADER = YES;
				CLANG_WARN_RANGE_LOOP_ANALYSIS = YES;
				CLANG_WARN_STRICT_PROTOTYPES = YES;
				CLANG_WARN_SUSPICIOUS_MOVE = YES;
				CLANG_WARN_UNGUARDED_AVAILABILITY = YES_AGGRESSIVE;
				CLANG_WARN_UNREACHABLE_CODE = YES;
				CLANG_WARN__DUPLICATE_METHOD_MATCH = YES;
				COPY_PHASE_STRIP = NO;
				DEBUG_INFORMATION_FORMAT = "dwarf-with-dsym";
				ENABLE_NS_ASSERTIONS = NO;
				ENABLE_STRICT_OBJC_MSGSEND = YES;
				GCC_C_LANGUAGE_STANDARD = gnu11;
				GCC_NO_COMMON_BLOCKS = YES;
				GCC_WARN_64_TO_32_BIT_CONVERSION = YES;
				GCC_WARN_ABOUT_RETURN_TYPE = YES_ERROR;
				GCC_WARN_UNDECLARED_SELECTOR = YES;
				GCC_WARN_UNINITIALIZED_AUTOS = YES_AGGRESSIVE;
				GCC_WARN_UNUSED_FUNCTION = YES;
				GCC_WARN_UNUSED_VARIABLE = YES;
				MACOSX_DEPLOYMENT_TARGET = 11.1;
				MTL_ENABLE_DEBUG_INFO = NO;
				MTL_FAST_MATH = YES;
				SDKROOT = macosx;
				SWIFT_COMPILATION_MODE = wholemodule;
				SWIFT_OPTIMIZATION_LEVEL = "-O";
			};
			name = Release;
		};
		BE76C96C25AEBC9C0069EE43 /* Debug */ = {
			isa = XCBuildConfiguration;
			buildSettings = {
				CODE_SIGN_IDENTITY = "-";
				CODE_SIGN_STYLE = Automatic;
				DEVELOPMENT_TEAM = 62VPKU8FKF;
				ENABLE_HARDENED_RUNTIME = YES;
				PRODUCT_NAME = "$(TARGET_NAME)";
				SWIFT_VERSION = 5.0;
			};
			name = Debug;
		};
		BE76C96D25AEBC9C0069EE43 /* Release */ = {
			isa = XCBuildConfiguration;
			buildSettings = {
				CODE_SIGN_IDENTITY = "-";
				CODE_SIGN_STYLE = Automatic;
				DEVELOPMENT_TEAM = 62VPKU8FKF;
				ENABLE_HARDENED_RUNTIME = YES;
				PRODUCT_NAME = "$(TARGET_NAME)";
				SWIFT_VERSION = 5.0;
			};
			name = Release;
		};
/* End XCBuildConfiguration section */

/* Begin XCConfigurationList section */
		BE76C95F25AEBC9C0069EE43 /* Build configuration list for PBXProject "Project Euler" */ = {
			isa = XCConfigurationList;
			buildConfigurations = (
				BE76C96925AEBC9C0069EE43 /* Debug */,
				BE76C96A25AEBC9C0069EE43 /* Release */,
			);
			defaultConfigurationIsVisible = 0;
			defaultConfigurationName = Release;
		};
		BE76C96B25AEBC9C0069EE43 /* Build configuration list for PBXNativeTarget "Project Euler" */ = {
			isa = XCConfigurationList;
			buildConfigurations = (
				BE76C96C25AEBC9C0069EE43 /* Debug */,
				BE76C96D25AEBC9C0069EE43 /* Release */,
			);
			defaultConfigurationIsVisible = 0;
			defaultConfigurationName = Release;
		};
/* End XCConfigurationList section */
	};
	rootObject = BE76C95C25AEBC9C0069EE43 /* Project object */;
}
